{
  "name": "export",
  "lockfileVersion": 3,
  "requires": true,
  "packages": {
    "": {
      "dependencies": {
        "xmind-generator": "1.0.1"
      }
    },
    "node_modules/xmind-generator": {
      "version": "1.0.1",
      "resolved": "https://registry.npmmirror.com/xmind-generator/-/xmind-generator-1.0.1.tgz",
      "integrity": "sha512-vS3eqVihPlp3r6akmofFb0f1AZ0HUh+WygljJL4AdadsUt8P8/g4ULVcoq+krV7QaN4qP1NQ8LxwvnoMiSmE6A==",
      "license": "MIT",
      "engines": {
        "node": ">=14"
      }
    }
  }
}
